
Microsoft Visual Studio Solution File, Format Version 12.00
# Visual Studio Version 16
VisualStudioVersion = 16.0.30503.244
MinimumVisualStudioVersion = 10.0.40219.1
Project("{FAE04EC0-301F-11D3-BF4B-00C04F79EFBC}") = "MvcCore", "MvcCore\MvcCore.csproj", "{61A0CAD2-A178-4CC7-8713-FEFA4D48BBD8}"
EndProject
Global
	GlobalSection(SolutionConfigurationPlatforms) = preSolution
		Debug|Any CPU = Debug|Any CPU
		Release|Any CPU = Release|Any CPU
	EndGlobalSection
	GlobalSection(ProjectConfigurationPlatforms) = postSolution
		{61A0CAD2-A178-4CC7-8713-FEFA4D48BBD8}.Debug|Any CPU.ActiveCfg = Debug|Any CPU
		{61A0CAD2-A178-4CC7-8713-FEFA4D48BBD8}.Debug|Any CPU.Build.0 = Debug|Any CPU
		{61A0CAD2-A178-4CC7-8713-FEFA4D48BBD8}.Release|Any CPU.ActiveCfg = Release|Any CPU
		{61A0CAD2-A178-4CC7-8713-FEFA4D48BBD8}.Release|Any CPU.Build.0 = Release|Any CPU
	EndGlobalSection
	GlobalSection(SolutionProperties) = preSolution
		HideSolutionNode = FALSE
	EndGlobalSection
	GlobalSection(ExtensibilityGlobals) = postSolution
		SolutionGuid = {2AB8E1C8-BA5E-4D20-84D2-5666514B42B9}
	EndGlobalSection
EndGlobal
